
Microsoft Visual Studio Solution File, Format Version 12.00
# Visual Studio 14
VisualStudioVersion = 14.0.24720.0
MinimumVisualStudioVersion = 10.0.40219.1
Project("{FAE04EC0-301F-11D3-BF4B-00C04F79EFBC}") = "TestCase", "TestCase\TestCase.csproj", "{780613F8-69C3-4BAB-9203-168F83481529}"
EndProject
Project("{FAE04EC0-301F-11D3-BF4B-00C04F79EFBC}") = "ParserGenerator", "ParserGenerator\ParserGenerator.csproj", "{5B5DC27B-F361-4054-AFDA-6AC30D9D8ECE}"
EndProject
Project("{FAE04EC0-301F-11D3-BF4B-00C04F79EFBC}") = "Utility", "Utility\Utility.csproj", "{31818B4E-CD83-4AB9-B486-04CEEAADCB3F}"
EndProject
Project("{FAE04EC0-301F-11D3-BF4B-00C04F79EFBC}") = "LexerCore", "LexerCore\LexerCore.csproj", "{48A30C7A-21A5-459B-8CB9-3EBBB921AAF8}"
EndProject
Project("{FAE04EC0-301F-11D3-BF4B-00C04F79EFBC}") = "GUILexer", "GUILexer\GUILexer.csproj", "{92978FD2-14DD-4E9D-AC44-5AB15D1292C6}"
EndProject
Project("{FAE04EC0-301F-11D3-BF4B-00C04F79EFBC}") = "GUIParser", "GUIParser\GUIParser.csproj", "{EACD0DA4-389D-435F-971C-C9CBE23B551E}"
EndProject
Project("{FAE04EC0-301F-11D3-BF4B-00C04F79EFBC}") = "ParserCore", "ParserCore\ParserCore.csproj", "{EC6F8CBF-8E6D-4273-AC42-B4B484B7422B}"
EndProject
Project("{FAE04EC0-301F-11D3-BF4B-00C04F79EFBC}") = "IntermediateCodeGenCore", "IntermediateCodeGenCore\IntermediateCodeGenCore.csproj", "{0577FF75-09C0-4674-AFDF-EFD96876A29F}"
EndProject
Project("{FAE04EC0-301F-11D3-BF4B-00C04F79EFBC}") = "GUICodeGen", "GUICodeGen\GUICodeGen.csproj", "{A98AE106-A03A-4839-84F2-194C5922143F}"
EndProject
Project("{FAE04EC0-301F-11D3-BF4B-00C04F79EFBC}") = "GUIFrontEnd", "GUIFrontEnd\GUIFrontEnd.csproj", "{691F9A6F-AE4E-4E81-9700-175AB4D003C1}"
EndProject
Global
	GlobalSection(SolutionConfigurationPlatforms) = preSolution
		Debug|Any CPU = Debug|Any CPU
		Debug|ARM = Debug|ARM
		Debug|x64 = Debug|x64
		Debug|x86 = Debug|x86
		Release|Any CPU = Release|Any CPU
		Release|ARM = Release|ARM
		Release|x64 = Release|x64
		Release|x86 = Release|x86
	EndGlobalSection
	GlobalSection(ProjectConfigurationPlatforms) = postSolution
		{780613F8-69C3-4BAB-9203-168F83481529}.Debug|Any CPU.ActiveCfg = Debug|Any CPU
		{780613F8-69C3-4BAB-9203-168F83481529}.Debug|Any CPU.Build.0 = Debug|Any CPU
		{780613F8-69C3-4BAB-9203-168F83481529}.Debug|ARM.ActiveCfg = Debug|Any CPU
		{780613F8-69C3-4BAB-9203-168F83481529}.Debug|ARM.Build.0 = Debug|Any CPU
		{780613F8-69C3-4BAB-9203-168F83481529}.Debug|x64.ActiveCfg = Debug|Any CPU
		{780613F8-69C3-4BAB-9203-168F83481529}.Debug|x64.Build.0 = Debug|Any CPU
		{780613F8-69C3-4BAB-9203-168F83481529}.Debug|x86.ActiveCfg = Debug|Any CPU
		{780613F8-69C3-4BAB-9203-168F83481529}.Debug|x86.Build.0 = Debug|Any CPU
		{780613F8-69C3-4BAB-9203-168F83481529}.Release|Any CPU.ActiveCfg = Release|Any CPU
		{780613F8-69C3-4BAB-9203-168F83481529}.Release|Any CPU.Build.0 = Release|Any CPU
		{780613F8-69C3-4BAB-9203-168F83481529}.Release|ARM.ActiveCfg = Release|Any CPU
		{780613F8-69C3-4BAB-9203-168F83481529}.Release|ARM.Build.0 = Release|Any CPU
		{780613F8-69C3-4BAB-9203-168F83481529}.Release|x64.ActiveCfg = Release|Any CPU
		{780613F8-69C3-4BAB-9203-168F83481529}.Release|x64.Build.0 = Release|Any CPU
		{780613F8-69C3-4BAB-9203-168F83481529}.Release|x86.ActiveCfg = Release|Any CPU
		{780613F8-69C3-4BAB-9203-168F83481529}.Release|x86.Build.0 = Release|Any CPU
		{5B5DC27B-F361-4054-AFDA-6AC30D9D8ECE}.Debug|Any CPU.ActiveCfg = Debug|Any CPU
		{5B5DC27B-F361-4054-AFDA-6AC30D9D8ECE}.Debug|Any CPU.Build.0 = Debug|Any CPU
		{5B5DC27B-F361-4054-AFDA-6AC30D9D8ECE}.Debug|ARM.ActiveCfg = Debug|Any CPU
		{5B5DC27B-F361-4054-AFDA-6AC30D9D8ECE}.Debug|ARM.Build.0 = Debug|Any CPU
		{5B5DC27B-F361-4054-AFDA-6AC30D9D8ECE}.Debug|x64.ActiveCfg = Debug|Any CPU
		{5B5DC27B-F361-4054-AFDA-6AC30D9D8ECE}.Debug|x64.Build.0 = Debug|Any CPU
		{5B5DC27B-F361-4054-AFDA-6AC30D9D8ECE}.Debug|x86.ActiveCfg = Debug|Any CPU
		{5B5DC27B-F361-4054-AFDA-6AC30D9D8ECE}.Debug|x86.Build.0 = Debug|Any CPU
		{5B5DC27B-F361-4054-AFDA-6AC30D9D8ECE}.Release|Any CPU.ActiveCfg = Release|Any CPU
		{5B5DC27B-F361-4054-AFDA-6AC30D9D8ECE}.Release|Any CPU.Build.0 = Release|Any CPU
		{5B5DC27B-F361-4054-AFDA-6AC30D9D8ECE}.Release|ARM.ActiveCfg = Release|Any CPU
		{5B5DC27B-F361-4054-AFDA-6AC30D9D8ECE}.Release|ARM.Build.0 = Release|Any CPU
		{5B5DC27B-F361-4054-AFDA-6AC30D9D8ECE}.Release|x64.ActiveCfg = Release|Any CPU
		{5B5DC27B-F361-4054-AFDA-6AC30D9D8ECE}.Release|x64.Build.0 = Release|Any CPU
		{5B5DC27B-F361-4054-AFDA-6AC30D9D8ECE}.Release|x86.ActiveCfg = Release|Any CPU
		{5B5DC27B-F361-4054-AFDA-6AC30D9D8ECE}.Release|x86.Build.0 = Release|Any CPU
		{31818B4E-CD83-4AB9-B486-04CEEAADCB3F}.Debug|Any CPU.ActiveCfg = Debug|Any CPU
		{31818B4E-CD83-4AB9-B486-04CEEAADCB3F}.Debug|Any CPU.Build.0 = Debug|Any CPU
		{31818B4E-CD83-4AB9-B486-04CEEAADCB3F}.Debug|ARM.ActiveCfg = Debug|Any CPU
		{31818B4E-CD83-4AB9-B486-04CEEAADCB3F}.Debug|ARM.Build.0 = Debug|Any CPU
		{31818B4E-CD83-4AB9-B486-04CEEAADCB3F}.Debug|x64.ActiveCfg = Debug|Any CPU
		{31818B4E-CD83-4AB9-B486-04CEEAADCB3F}.Debug|x64.Build.0 = Debug|Any CPU
		{31818B4E-CD83-4AB9-B486-04CEEAADCB3F}.Debug|x86.ActiveCfg = Debug|Any CPU
		{31818B4E-CD83-4AB9-B486-04CEEAADCB3F}.Debug|x86.Build.0 = Debug|Any CPU
		{31818B4E-CD83-4AB9-B486-04CEEAADCB3F}.Release|Any CPU.ActiveCfg = Release|Any CPU
		{31818B4E-CD83-4AB9-B486-04CEEAADCB3F}.Release|Any CPU.Build.0 = Release|Any CPU
		{31818B4E-CD83-4AB9-B486-04CEEAADCB3F}.Release|ARM.ActiveCfg = Release|Any CPU
		{31818B4E-CD83-4AB9-B486-04CEEAADCB3F}.Release|ARM.Build.0 = Release|Any CPU
		{31818B4E-CD83-4AB9-B486-04CEEAADCB3F}.Release|x64.ActiveCfg = Release|Any CPU
		{31818B4E-CD83-4AB9-B486-04CEEAADCB3F}.Release|x64.Build.0 = Release|Any CPU
		{31818B4E-CD83-4AB9-B486-04CEEAADCB3F}.Release|x86.ActiveCfg = Release|Any CPU
		{31818B4E-CD83-4AB9-B486-04CEEAADCB3F}.Release|x86.Build.0 = Release|Any CPU
		{48A30C7A-21A5-459B-8CB9-3EBBB921AAF8}.Debug|Any CPU.ActiveCfg = Debug|Any CPU
		{48A30C7A-21A5-459B-8CB9-3EBBB921AAF8}.Debug|Any CPU.Build.0 = Debug|Any CPU
		{48A30C7A-21A5-459B-8CB9-3EBBB921AAF8}.Debug|ARM.ActiveCfg = Debug|Any CPU
		{48A30C7A-21A5-459B-8CB9-3EBBB921AAF8}.Debug|ARM.Build.0 = Debug|Any CPU
		{48A30C7A-21A5-459B-8CB9-3EBBB921AAF8}.Debug|x64.ActiveCfg = Debug|Any CPU
		{48A30C7A-21A5-459B-8CB9-3EBBB921AAF8}.Debug|x64.Build.0 = Debug|Any CPU
		{48A30C7A-21A5-459B-8CB9-3EBBB921AAF8}.Debug|x86.ActiveCfg = Debug|Any CPU
		{48A30C7A-21A5-459B-8CB9-3EBBB921AAF8}.Debug|x86.Build.0 = Debug|Any CPU
		{48A30C7A-21A5-459B-8CB9-3EBBB921AAF8}.Release|Any CPU.ActiveCfg = Release|Any CPU
		{48A30C7A-21A5-459B-8CB9-3EBBB921AAF8}.Release|Any CPU.Build.0 = Release|Any CPU
		{48A30C7A-21A5-459B-8CB9-3EBBB921AAF8}.Release|ARM.ActiveCfg = Release|Any CPU
		{48A30C7A-21A5-459B-8CB9-3EBBB921AAF8}.Release|ARM.Build.0 = Release|Any CPU
		{48A30C7A-21A5-459B-8CB9-3EBBB921AAF8}.Release|x64.ActiveCfg = Release|Any CPU
		{48A30C7A-21A5-459B-8CB9-3EBBB921AAF8}.Release|x64.Build.0 = Release|Any CPU
		{48A30C7A-21A5-459B-8CB9-3EBBB921AAF8}.Release|x86.ActiveCfg = Release|Any CPU
		{48A30C7A-21A5-459B-8CB9-3EBBB921AAF8}.Release|x86.Build.0 = Release|Any CPU
		{92978FD2-14DD-4E9D-AC44-5AB15D1292C6}.Debug|Any CPU.ActiveCfg = Debug|Any CPU
		{92978FD2-14DD-4E9D-AC44-5AB15D1292C6}.Debug|Any CPU.Build.0 = Debug|Any CPU
		{92978FD2-14DD-4E9D-AC44-5AB15D1292C6}.Debug|ARM.ActiveCfg = Debug|Any CPU
		{92978FD2-14DD-4E9D-AC44-5AB15D1292C6}.Debug|ARM.Build.0 = Debug|Any CPU
		{92978FD2-14DD-4E9D-AC44-5AB15D1292C6}.Debug|x64.ActiveCfg = Debug|Any CPU
		{92978FD2-14DD-4E9D-AC44-5AB15D1292C6}.Debug|x64.Build.0 = Debug|Any CPU
		{92978FD2-14DD-4E9D-AC44-5AB15D1292C6}.Debug|x86.ActiveCfg = Debug|Any CPU
		{92978FD2-14DD-4E9D-AC44-5AB15D1292C6}.Debug|x86.Build.0 = Debug|Any CPU
		{92978FD2-14DD-4E9D-AC44-5AB15D1292C6}.Release|Any CPU.ActiveCfg = Release|Any CPU
		{92978FD2-14DD-4E9D-AC44-5AB15D1292C6}.Release|Any CPU.Build.0 = Release|Any CPU
		{92978FD2-14DD-4E9D-AC44-5AB15D1292C6}.Release|ARM.ActiveCfg = Release|Any CPU
		{92978FD2-14DD-4E9D-AC44-5AB15D1292C6}.Release|ARM.Build.0 = Release|Any CPU
		{92978FD2-14DD-4E9D-AC44-5AB15D1292C6}.Release|x64.ActiveCfg = Release|Any CPU
		{92978FD2-14DD-4E9D-AC44-5AB15D1292C6}.Release|x64.Build.0 = Release|Any CPU
		{92978FD2-14DD-4E9D-AC44-5AB15D1292C6}.Release|x86.ActiveCfg = Release|Any CPU
		{92978FD2-14DD-4E9D-AC44-5AB15D1292C6}.Release|x86.Build.0 = Release|Any CPU
		{EACD0DA4-389D-435F-971C-C9CBE23B551E}.Debug|Any CPU.ActiveCfg = Debug|Any CPU
		{EACD0DA4-389D-435F-971C-C9CBE23B551E}.Debug|Any CPU.Build.0 = Debug|Any CPU
		{EACD0DA4-389D-435F-971C-C9CBE23B551E}.Debug|ARM.ActiveCfg = Debug|Any CPU
		{EACD0DA4-389D-435F-971C-C9CBE23B551E}.Debug|ARM.Build.0 = Debug|Any CPU
		{EACD0DA4-389D-435F-971C-C9CBE23B551E}.Debug|x64.ActiveCfg = Debug|Any CPU
		{EACD0DA4-389D-435F-971C-C9CBE23B551E}.Debug|x64.Build.0 = Debug|Any CPU
		{EACD0DA4-389D-435F-971C-C9CBE23B551E}.Debug|x86.ActiveCfg = Debug|Any CPU
		{EACD0DA4-389D-435F-971C-C9CBE23B551E}.Debug|x86.Build.0 = Debug|Any CPU
		{EACD0DA4-389D-435F-971C-C9CBE23B551E}.Release|Any CPU.ActiveCfg = Release|Any CPU
		{EACD0DA4-389D-435F-971C-C9CBE23B551E}.Release|Any CPU.Build.0 = Release|Any CPU
		{EACD0DA4-389D-435F-971C-C9CBE23B551E}.Release|ARM.ActiveCfg = Release|Any CPU
		{EACD0DA4-389D-435F-971C-C9CBE23B551E}.Release|ARM.Build.0 = Release|Any CPU
		{EACD0DA4-389D-435F-971C-C9CBE23B551E}.Release|x64.ActiveCfg = Release|Any CPU
		{EACD0DA4-389D-435F-971C-C9CBE23B551E}.Release|x64.Build.0 = Release|Any CPU
		{EACD0DA4-389D-435F-971C-C9CBE23B551E}.Release|x86.ActiveCfg = Release|Any CPU
		{EACD0DA4-389D-435F-971C-C9CBE23B551E}.Release|x86.Build.0 = Release|Any CPU
		{EC6F8CBF-8E6D-4273-AC42-B4B484B7422B}.Debug|Any CPU.ActiveCfg = Debug|Any CPU
		{EC6F8CBF-8E6D-4273-AC42-B4B484B7422B}.Debug|Any CPU.Build.0 = Debug|Any CPU
		{EC6F8CBF-8E6D-4273-AC42-B4B484B7422B}.Debug|ARM.ActiveCfg = Debug|Any CPU
		{EC6F8CBF-8E6D-4273-AC42-B4B484B7422B}.Debug|ARM.Build.0 = Debug|Any CPU
		{EC6F8CBF-8E6D-4273-AC42-B4B484B7422B}.Debug|x64.ActiveCfg = Debug|Any CPU
		{EC6F8CBF-8E6D-4273-AC42-B4B484B7422B}.Debug|x64.Build.0 = Debug|Any CPU
		{EC6F8CBF-8E6D-4273-AC42-B4B484B7422B}.Debug|x86.ActiveCfg = Debug|Any CPU
		{EC6F8CBF-8E6D-4273-AC42-B4B484B7422B}.Debug|x86.Build.0 = Debug|Any CPU
		{EC6F8CBF-8E6D-4273-AC42-B4B484B7422B}.Release|Any CPU.ActiveCfg = Release|Any CPU
		{EC6F8CBF-8E6D-4273-AC42-B4B484B7422B}.Release|Any CPU.Build.0 = Release|Any CPU
		{EC6F8CBF-8E6D-4273-AC42-B4B484B7422B}.Release|ARM.ActiveCfg = Release|Any CPU
		{EC6F8CBF-8E6D-4273-AC42-B4B484B7422B}.Release|ARM.Build.0 = Release|Any CPU
		{EC6F8CBF-8E6D-4273-AC42-B4B484B7422B}.Release|x64.ActiveCfg = Release|Any CPU
		{EC6F8CBF-8E6D-4273-AC42-B4B484B7422B}.Release|x64.Build.0 = Release|Any CPU
		{EC6F8CBF-8E6D-4273-AC42-B4B484B7422B}.Release|x86.ActiveCfg = Release|Any CPU
		{EC6F8CBF-8E6D-4273-AC42-B4B484B7422B}.Release|x86.Build.0 = Release|Any CPU
		{0577FF75-09C0-4674-AFDF-EFD96876A29F}.Debug|Any CPU.ActiveCfg = Debug|Any CPU
		{0577FF75-09C0-4674-AFDF-EFD96876A29F}.Debug|Any CPU.Build.0 = Debug|Any CPU
		{0577FF75-09C0-4674-AFDF-EFD96876A29F}.Debug|ARM.ActiveCfg = Debug|Any CPU
		{0577FF75-09C0-4674-AFDF-EFD96876A29F}.Debug|ARM.Build.0 = Debug|Any CPU
		{0577FF75-09C0-4674-AFDF-EFD96876A29F}.Debug|x64.ActiveCfg = Debug|Any CPU
		{0577FF75-09C0-4674-AFDF-EFD96876A29F}.Debug|x64.Build.0 = Debug|Any CPU
		{0577FF75-09C0-4674-AFDF-EFD96876A29F}.Debug|x86.ActiveCfg = Debug|Any CPU
		{0577FF75-09C0-4674-AFDF-EFD96876A29F}.Debug|x86.Build.0 = Debug|Any CPU
		{0577FF75-09C0-4674-AFDF-EFD96876A29F}.Release|Any CPU.ActiveCfg = Release|Any CPU
		{0577FF75-09C0-4674-AFDF-EFD96876A29F}.Release|Any CPU.Build.0 = Release|Any CPU
		{0577FF75-09C0-4674-AFDF-EFD96876A29F}.Release|ARM.ActiveCfg = Release|Any CPU
		{0577FF75-09C0-4674-AFDF-EFD96876A29F}.Release|ARM.Build.0 = Release|Any CPU
		{0577FF75-09C0-4674-AFDF-EFD96876A29F}.Release|x64.ActiveCfg = Release|Any CPU
		{0577FF75-09C0-4674-AFDF-EFD96876A29F}.Release|x64.Build.0 = Release|Any CPU
		{0577FF75-09C0-4674-AFDF-EFD96876A29F}.Release|x86.ActiveCfg = Release|Any CPU
		{0577FF75-09C0-4674-AFDF-EFD96876A29F}.Release|x86.Build.0 = Release|Any CPU
		{A98AE106-A03A-4839-84F2-194C5922143F}.Debug|Any CPU.ActiveCfg = Debug|Any CPU
		{A98AE106-A03A-4839-84F2-194C5922143F}.Debug|Any CPU.Build.0 = Debug|Any CPU
		{A98AE106-A03A-4839-84F2-194C5922143F}.Debug|ARM.ActiveCfg = Debug|Any CPU
		{A98AE106-A03A-4839-84F2-194C5922143F}.Debug|ARM.Build.0 = Debug|Any CPU
		{A98AE106-A03A-4839-84F2-194C5922143F}.Debug|x64.ActiveCfg = Debug|Any CPU
		{A98AE106-A03A-4839-84F2-194C5922143F}.Debug|x64.Build.0 = Debug|Any CPU
		{A98AE106-A03A-4839-84F2-194C5922143F}.Debug|x86.ActiveCfg = Debug|Any CPU
		{A98AE106-A03A-4839-84F2-194C5922143F}.Debug|x86.Build.0 = Debug|Any CPU
		{A98AE106-A03A-4839-84F2-194C5922143F}.Release|Any CPU.ActiveCfg = Release|Any CPU
		{A98AE106-A03A-4839-84F2-194C5922143F}.Release|Any CPU.Build.0 = Release|Any CPU
		{A98AE106-A03A-4839-84F2-194C5922143F}.Release|ARM.ActiveCfg = Release|Any CPU
		{A98AE106-A03A-4839-84F2-194C5922143F}.Release|ARM.Build.0 = Release|Any CPU
		{A98AE106-A03A-4839-84F2-194C5922143F}.Release|x64.ActiveCfg = Release|Any CPU
		{A98AE106-A03A-4839-84F2-194C5922143F}.Release|x64.Build.0 = Release|Any CPU
		{A98AE106-A03A-4839-84F2-194C5922143F}.Release|x86.ActiveCfg = Release|Any CPU
		{A98AE106-A03A-4839-84F2-194C5922143F}.Release|x86.Build.0 = Release|Any CPU
		{691F9A6F-AE4E-4E81-9700-175AB4D003C1}.Debug|Any CPU.ActiveCfg = Debug|Any CPU
		{691F9A6F-AE4E-4E81-9700-175AB4D003C1}.Debug|Any CPU.Build.0 = Debug|Any CPU
		{691F9A6F-AE4E-4E81-9700-175AB4D003C1}.Debug|ARM.ActiveCfg = Debug|Any CPU
		{691F9A6F-AE4E-4E81-9700-175AB4D003C1}.Debug|ARM.Build.0 = Debug|Any CPU
		{691F9A6F-AE4E-4E81-9700-175AB4D003C1}.Debug|x64.ActiveCfg = Debug|Any CPU
		{691F9A6F-AE4E-4E81-9700-175AB4D003C1}.Debug|x64.Build.0 = Debug|Any CPU
		{691F9A6F-AE4E-4E81-9700-175AB4D003C1}.Debug|x86.ActiveCfg = Debug|Any CPU
		{691F9A6F-AE4E-4E81-9700-175AB4D003C1}.Debug|x86.Build.0 = Debug|Any CPU
		{691F9A6F-AE4E-4E81-9700-175AB4D003C1}.Release|Any CPU.ActiveCfg = Release|Any CPU
		{691F9A6F-AE4E-4E81-9700-175AB4D003C1}.Release|Any CPU.Build.0 = Release|Any CPU
		{691F9A6F-AE4E-4E81-9700-175AB4D003C1}.Release|ARM.ActiveCfg = Release|Any CPU
		{691F9A6F-AE4E-4E81-9700-175AB4D003C1}.Release|ARM.Build.0 = Release|Any CPU
		{691F9A6F-AE4E-4E81-9700-175AB4D003C1}.Release|x64.ActiveCfg = Release|Any CPU
		{691F9A6F-AE4E-4E81-9700-175AB4D003C1}.Release|x64.Build.0 = Release|Any CPU
		{691F9A6F-AE4E-4E81-9700-175AB4D003C1}.Release|x86.ActiveCfg = Release|Any CPU
		{691F9A6F-AE4E-4E81-9700-175AB4D003C1}.Release|x86.Build.0 = Release|Any CPU
	EndGlobalSection
	GlobalSection(SolutionProperties) = preSolution
		HideSolutionNode = FALSE
	EndGlobalSection
EndGlobal
